
Microsoft Visual Studio Solution File, Format Version 12.00
# Visual Studio Version 17
VisualStudioVersion = 17.13.35806.99
MinimumVisualStudioVersion = 10.0.40219.1
Project("{FAE04EC0-301F-11D3-BF4B-00C04F79EFBC}") = "Son", "Son.csproj", "{38C64873-0B0C-4287-A4E1-BE113002229F}"
EndProject
Project("{FAE04EC0-301F-11D3-BF4B-00C04F79EFBC}") = "Son.Comum", "..\Comum\Son.Comum.csproj", "{B0AB6F4A-67A7-4C8D-8F65-CC3D92EF2936}"
EndProject
Global
	GlobalSection(SolutionConfigurationPlatforms) = preSolution
		Debug|Any CPU = Debug|Any CPU
		Release|Any CPU = Release|Any CPU
	EndGlobalSection
	GlobalSection(ProjectConfigurationPlatforms) = postSolution
		{38C64873-0B0C-4287-A4E1-BE113002229F}.Debug|Any CPU.ActiveCfg = Debug|Any CPU
		{38C64873-0B0C-4287-A4E1-BE113002229F}.Debug|Any CPU.Build.0 = Debug|Any CPU
		{38C64873-0B0C-4287-A4E1-BE113002229F}.Release|Any CPU.ActiveCfg = Release|Any CPU
		{38C64873-0B0C-4287-A4E1-BE113002229F}.Release|Any CPU.Build.0 = Release|Any CPU
		{B0AB6F4A-67A7-4C8D-8F65-CC3D92EF2936}.Debug|Any CPU.ActiveCfg = Debug|Any CPU
		{B0AB6F4A-67A7-4C8D-8F65-CC3D92EF2936}.Debug|Any CPU.Build.0 = Debug|Any CPU
		{B0AB6F4A-67A7-4C8D-8F65-CC3D92EF2936}.Release|Any CPU.ActiveCfg = Release|Any CPU
		{B0AB6F4A-67A7-4C8D-8F65-CC3D92EF2936}.Release|Any CPU.Build.0 = Release|Any CPU
	EndGlobalSection
	GlobalSection(SolutionProperties) = preSolution
		HideSolutionNode = FALSE
	EndGlobalSection
	GlobalSection(ExtensibilityGlobals) = postSolution
		SolutionGuid = {A2ABB386-7515-4621-BDDC-0A4038F64356}
	EndGlobalSection
EndGlobal
