
Microsoft Visual Studio Solution File, Format Version 12.00
# Visual Studio Version 17
VisualStudioVersion = 17.13.35806.99
MinimumVisualStudioVersion = 10.0.40219.1
Project("{FAE04EC0-301F-11D3-BF4B-00C04F79EFBC}") = "SonApi", "SonApi.csproj", "{DE650561-F989-DA03-B1B3-B2140DC6C695}"
EndProject
Project("{FAE04EC0-301F-11D3-BF4B-00C04F79EFBC}") = "Son.Comum", "..\Comum\Son.Comum.csproj", "{B0AB6F4A-67A7-4C8D-8F65-CC3D92EF2936}"
EndProject
Global
	GlobalSection(SolutionConfigurationPlatforms) = preSolution
		Debug|Any CPU = Debug|Any CPU
		Release|Any CPU = Release|Any CPU
	EndGlobalSection
	GlobalSection(ProjectConfigurationPlatforms) = postSolution
		{DE650561-F989-DA03-B1B3-B2140DC6C695}.Debug|Any CPU.ActiveCfg = Debug|Any CPU
		{DE650561-F989-DA03-B1B3-B2140DC6C695}.Debug|Any CPU.Build.0 = Debug|Any CPU
		{DE650561-F989-DA03-B1B3-B2140DC6C695}.Release|Any CPU.ActiveCfg = Release|Any CPU
		{DE650561-F989-DA03-B1B3-B2140DC6C695}.Release|Any CPU.Build.0 = Release|Any CPU
		{B0AB6F4A-67A7-4C8D-8F65-CC3D92EF2936}.Debug|Any CPU.ActiveCfg = Debug|Any CPU
		{B0AB6F4A-67A7-4C8D-8F65-CC3D92EF2936}.Debug|Any CPU.Build.0 = Debug|Any CPU
		{B0AB6F4A-67A7-4C8D-8F65-CC3D92EF2936}.Release|Any CPU.ActiveCfg = Release|Any CPU
		{B0AB6F4A-67A7-4C8D-8F65-CC3D92EF2936}.Release|Any CPU.Build.0 = Release|Any CPU
	EndGlobalSection
	GlobalSection(SolutionProperties) = preSolution
		HideSolutionNode = FALSE
	EndGlobalSection
	GlobalSection(ExtensibilityGlobals) = postSolution
		SolutionGuid = {3C0AF9CB-8BD6-412B-942A-C542C0023761}
	EndGlobalSection
EndGlobal
